// !$*UTF8*$!
{
	archiveVersion = 1;
	classes = {
	};
	objectVersion = 55;
	objects = {

/* Begin PBXBuildFile section */
		8E6A0D26F21DFA679DA01EED /* Pods_PokemonList.framework in Frameworks */ = {isa = PBXBuildFile; fileRef = 7E56DC42299AF06154D8F0CF /* Pods_PokemonList.framework */; };
		CE6533EA28F3CBE50091DB04 /* Others.swift in Sources */ = {isa = PBXBuildFile; fileRef = CE6533E928F3CBE50091DB04 /* Others.swift */; };
		CE67683528F006FA00D197BD /* CardNoDataCell.swift in Sources */ = {isa = PBXBuildFile; fileRef = CE67683328F006FA00D197BD /* CardNoDataCell.swift */; };
		CE67683628F006FA00D197BD /* CardNoDataCell.xib in Resources */ = {isa = PBXBuildFile; fileRef = CE67683428F006FA00D197BD /* CardNoDataCell.xib */; };
		CE67683828F02E4100D197BD /* MyPokemonVC.swift in Sources */ = {isa = PBXBuildFile; fileRef = CE67683728F02E4000D197BD /* MyPokemonVC.swift */; };
		CE67A60A28ED918700972082 /* UIImage.swift in Sources */ = {isa = PBXBuildFile; fileRef = CE67A60928ED918700972082 /* UIImage.swift */; };
		CE792B2028EFD671005D1068 /* UITextField.swift in Sources */ = {isa = PBXBuildFile; fileRef = CE792B1F28EFD671005D1068 /* UITextField.swift */; };
		CEA56AC728EAE7530087E1A3 /* AppDelegate.swift in Sources */ = {isa = PBXBuildFile; fileRef = CEA56AC628EAE7530087E1A3 /* AppDelegate.swift */; };
		CEA56AC928EAE7530087E1A3 /* SceneDelegate.swift in Sources */ = {isa = PBXBuildFile; fileRef = CEA56AC828EAE7530087E1A3 /* SceneDelegate.swift */; };
		CEA56ACB28EAE7530087E1A3 /* MainViewController.swift in Sources */ = {isa = PBXBuildFile; fileRef = CEA56ACA28EAE7530087E1A3 /* MainViewController.swift */; };
		CEA56ACE28EAE7530087E1A3 /* Main.storyboard in Resources */ = {isa = PBXBuildFile; fileRef = CEA56ACC28EAE7530087E1A3 /* Main.storyboard */; };
		CEA56AD028EAE7560087E1A3 /* Assets.xcassets in Resources */ = {isa = PBXBuildFile; fileRef = CEA56ACF28EAE7560087E1A3 /* Assets.xcassets */; };
		CEA56AD328EAE7560087E1A3 /* LaunchScreen.storyboard in Resources */ = {isa = PBXBuildFile; fileRef = CEA56AD128EAE7560087E1A3 /* LaunchScreen.storyboard */; };
		CEA56ADD28EAF36B0087E1A3 /* Pokemon.swift in Sources */ = {isa = PBXBuildFile; fileRef = CEA56ADC28EAF36B0087E1A3 /* Pokemon.swift */; };
		CEA56ADF28EB14850087E1A3 /* PokemonSelected.swift in Sources */ = {isa = PBXBuildFile; fileRef = CEA56ADE28EB14850087E1A3 /* PokemonSelected.swift */; };
		CEA56AE628EBA98F0087E1A3 /* UIColor.swift in Sources */ = {isa = PBXBuildFile; fileRef = CEA56AE528EBA98F0087E1A3 /* UIColor.swift */; };
		CEA56AE928EBDCE70087E1A3 /* PokeListCell.swift in Sources */ = {isa = PBXBuildFile; fileRef = CEA56AE728EBDCE70087E1A3 /* PokeListCell.swift */; };
		CEA56AEA28EBDCE70087E1A3 /* PokeListCell.xib in Resources */ = {isa = PBXBuildFile; fileRef = CEA56AE828EBDCE70087E1A3 /* PokeListCell.xib */; };
		CEA56AED28EC362D0087E1A3 /* Services.swift in Sources */ = {isa = PBXBuildFile; fileRef = CEA56AEC28EC362D0087E1A3 /* Services.swift */; };
		CEA56AEF28EC36F50087E1A3 /* Constants.swift in Sources */ = {isa = PBXBuildFile; fileRef = CEA56AEE28EC36F50087E1A3 /* Constants.swift */; };
		CEA56AF128EC691C0087E1A3 /* PokemonListData.swift in Sources */ = {isa = PBXBuildFile; fileRef = CEA56AF028EC691C0087E1A3 /* PokemonListData.swift */; };
		CEA56AF528ECF59B0087E1A3 /* FavoriteListVC.swift in Sources */ = {isa = PBXBuildFile; fileRef = CEA56AF428ECF59B0087E1A3 /* FavoriteListVC.swift */; };
		CEA56AF728ED01220087E1A3 /* DetailPokemonVC.swift in Sources */ = {isa = PBXBuildFile; fileRef = CEA56AF628ED01210087E1A3 /* DetailPokemonVC.swift */; };
/* End PBXBuildFile section */

/* Begin PBXFileReference section */
		2ECAA06577ADF62A43A18E5F /* Pods-PokemonList.release.xcconfig */ = {isa = PBXFileReference; includeInIndex = 1; lastKnownFileType = text.xcconfig; name = "Pods-PokemonList.release.xcconfig"; path = "Target Support Files/Pods-PokemonList/Pods-PokemonList.release.xcconfig"; sourceTree = "<group>"; };
		7E56DC42299AF06154D8F0CF /* Pods_PokemonList.framework */ = {isa = PBXFileReference; explicitFileType = wrapper.framework; includeInIndex = 0; path = Pods_PokemonList.framework; sourceTree = BUILT_PRODUCTS_DIR; };
		A898DD14B4457A43524D883F /* Pods-PokemonList.debug.xcconfig */ = {isa = PBXFileReference; includeInIndex = 1; lastKnownFileType = text.xcconfig; name = "Pods-PokemonList.debug.xcconfig"; path = "Target Support Files/Pods-PokemonList/Pods-PokemonList.debug.xcconfig"; sourceTree = "<group>"; };
		CE6533E928F3CBE50091DB04 /* Others.swift */ = {isa = PBXFileReference; lastKnownFileType = sourcecode.swift; path = Others.swift; sourceTree = "<group>"; };
		CE67683328F006FA00D197BD /* CardNoDataCell.swift */ = {isa = PBXFileReference; lastKnownFileType = sourcecode.swift; path = CardNoDataCell.swift; sourceTree = "<group>"; };
		CE67683428F006FA00D197BD /* CardNoDataCell.xib */ = {isa = PBXFileReference; lastKnownFileType = file.xib; path = CardNoDataCell.xib; sourceTree = "<group>"; };
		CE67683728F02E4000D197BD /* MyPokemonVC.swift */ = {isa = PBXFileReference; lastKnownFileType = sourcecode.swift; path = MyPokemonVC.swift; sourceTree = "<group>"; };
		CE67A60928ED918700972082 /* UIImage.swift */ = {isa = PBXFileReference; lastKnownFileType = sourcecode.swift; path = UIImage.swift; sourceTree = "<group>"; };
		CE792B1F28EFD671005D1068 /* UITextField.swift */ = {isa = PBXFileReference; lastKnownFileType = sourcecode.swift; path = UITextField.swift; sourceTree = "<group>"; };
		CEA56AC328EAE7530087E1A3 /* PokemonList.app */ = {isa = PBXFileReference; explicitFileType = wrapper.application; includeInIndex = 0; path = PokemonList.app; sourceTree = BUILT_PRODUCTS_DIR; };
		CEA56AC628EAE7530087E1A3 /* AppDelegate.swift */ = {isa = PBXFileReference; lastKnownFileType = sourcecode.swift; path = AppDelegate.swift; sourceTree = "<group>"; };
		CEA56AC828EAE7530087E1A3 /* SceneDelegate.swift */ = {isa = PBXFileReference; lastKnownFileType = sourcecode.swift; path = SceneDelegate.swift; sourceTree = "<group>"; };
		CEA56ACA28EAE7530087E1A3 /* MainViewController.swift */ = {isa = PBXFileReference; lastKnownFileType = sourcecode.swift; path = MainViewController.swift; sourceTree = "<group>"; };
		CEA56ACD28EAE7530087E1A3 /* Base */ = {isa = PBXFileReference; lastKnownFileType = file.storyboard; name = Base; path = Base.lproj/Main.storyboard; sourceTree = "<group>"; };
		CEA56ACF28EAE7560087E1A3 /* Assets.xcassets */ = {isa = PBXFileReference; lastKnownFileType = folder.assetcatalog; path = Assets.xcassets; sourceTree = "<group>"; };
		CEA56AD228EAE7560087E1A3 /* Base */ = {isa = PBXFileReference; lastKnownFileType = file.storyboard; name = Base; path = Base.lproj/LaunchScreen.storyboard; sourceTree = "<group>"; };
		CEA56AD428EAE7560087E1A3 /* Info.plist */ = {isa = PBXFileReference; lastKnownFileType = text.plist.xml; path = Info.plist; sourceTree = "<group>"; };
		CEA56ADC28EAF36B0087E1A3 /* Pokemon.swift */ = {isa = PBXFileReference; lastKnownFileType = sourcecode.swift; path = Pokemon.swift; sourceTree = "<group>"; };
		CEA56ADE28EB14850087E1A3 /* PokemonSelected.swift */ = {isa = PBXFileReference; lastKnownFileType = sourcecode.swift; path = PokemonSelected.swift; sourceTree = "<group>"; };
		CEA56AE528EBA98F0087E1A3 /* UIColor.swift */ = {isa = PBXFileReference; lastKnownFileType = sourcecode.swift; path = UIColor.swift; sourceTree = "<group>"; };
		CEA56AE728EBDCE70087E1A3 /* PokeListCell.swift */ = {isa = PBXFileReference; lastKnownFileType = sourcecode.swift; path = PokeListCell.swift; sourceTree = "<group>"; };
		CEA56AE828EBDCE70087E1A3 /* PokeListCell.xib */ = {isa = PBXFileReference; lastKnownFileType = file.xib; path = PokeListCell.xib; sourceTree = "<group>"; };
		CEA56AEC28EC362D0087E1A3 /* Services.swift */ = {isa = PBXFileReference; lastKnownFileType = sourcecode.swift; path = Services.swift; sourceTree = "<group>"; };
		CEA56AEE28EC36F50087E1A3 /* Constants.swift */ = {isa = PBXFileReference; lastKnownFileType = sourcecode.swift; path = Constants.swift; sourceTree = "<group>"; };
		CEA56AF028EC691C0087E1A3 /* PokemonListData.swift */ = {isa = PBXFileReference; lastKnownFileType = sourcecode.swift; path = PokemonListData.swift; sourceTree = "<group>"; };
		CEA56AF428ECF59B0087E1A3 /* FavoriteListVC.swift */ = {isa = PBXFileReference; lastKnownFileType = sourcecode.swift; path = FavoriteListVC.swift; sourceTree = "<group>"; };
		CEA56AF628ED01210087E1A3 /* DetailPokemonVC.swift */ = {isa = PBXFileReference; lastKnownFileType = sourcecode.swift; path = DetailPokemonVC.swift; sourceTree = "<group>"; };
/* End PBXFileReference section */

/* Begin PBXFrameworksBuildPhase section */
		CEA56AC028EAE7530087E1A3 /* Frameworks */ = {
			isa = PBXFrameworksBuildPhase;
			buildActionMask = 2147483647;
			files = (
				8E6A0D26F21DFA679DA01EED /* Pods_PokemonList.framework in Frameworks */,
			);
			runOnlyForDeploymentPostprocessing = 0;
		};
/* End PBXFrameworksBuildPhase section */

/* Begin PBXGroup section */
		57F1F7DBC3A6B1BD15CFDF7F /* Pods */ = {
			isa = PBXGroup;
			children = (
				A898DD14B4457A43524D883F /* Pods-PokemonList.debug.xcconfig */,
				2ECAA06577ADF62A43A18E5F /* Pods-PokemonList.release.xcconfig */,
			);
			path = Pods;
			sourceTree = "<group>";
		};
		7A87FD41D7A487362306A153 /* Frameworks */ = {
			isa = PBXGroup;
			children = (
				7E56DC42299AF06154D8F0CF /* Pods_PokemonList.framework */,
			);
			name = Frameworks;
			sourceTree = "<group>";
		};
		CEA56ABA28EAE7530087E1A3 = {
			isa = PBXGroup;
			children = (
				CEA56AC528EAE7530087E1A3 /* PokemonList */,
				CEA56AC428EAE7530087E1A3 /* Products */,
				57F1F7DBC3A6B1BD15CFDF7F /* Pods */,
				7A87FD41D7A487362306A153 /* Frameworks */,
			);
			sourceTree = "<group>";
		};
		CEA56AC428EAE7530087E1A3 /* Products */ = {
			isa = PBXGroup;
			children = (
				CEA56AC328EAE7530087E1A3 /* PokemonList.app */,
			);
			name = Products;
			sourceTree = "<group>";
		};
		CEA56AC528EAE7530087E1A3 /* PokemonList */ = {
			isa = PBXGroup;
			children = (
				CEA56AC628EAE7530087E1A3 /* AppDelegate.swift */,
				CEA56AC828EAE7530087E1A3 /* SceneDelegate.swift */,
				CEA56AEC28EC362D0087E1A3 /* Services.swift */,
				CEA56AEE28EC36F50087E1A3 /* Constants.swift */,
				CEA56AF028EC691C0087E1A3 /* PokemonListData.swift */,
				CEA56ADA28EAEE350087E1A3 /* Views */,
				CEA56ADB28EAEE440087E1A3 /* Api */,
				CEA56AEB28EBDCF40087E1A3 /* Cell */,
				CEA56AE428EBA9490087E1A3 /* Extension */,
				CEA56ACC28EAE7530087E1A3 /* Main.storyboard */,
				CEA56ACF28EAE7560087E1A3 /* Assets.xcassets */,
				CEA56AD128EAE7560087E1A3 /* LaunchScreen.storyboard */,
				CEA56AD428EAE7560087E1A3 /* Info.plist */,
			);
			path = PokemonList;
			sourceTree = "<group>";
		};
		CEA56ADA28EAEE350087E1A3 /* Views */ = {
			isa = PBXGroup;
			children = (
				CEA56ACA28EAE7530087E1A3 /* MainViewController.swift */,
				CEA56AF428ECF59B0087E1A3 /* FavoriteListVC.swift */,
				CEA56AF628ED01210087E1A3 /* DetailPokemonVC.swift */,
				CE67683728F02E4000D197BD /* MyPokemonVC.swift */,
			);
			path = Views;
			sourceTree = "<group>";
		};
		CEA56ADB28EAEE440087E1A3 /* Api */ = {
			isa = PBXGroup;
			children = (
				CEA56ADC28EAF36B0087E1A3 /* Pokemon.swift */,
				CEA56ADE28EB14850087E1A3 /* PokemonSelected.swift */,
			);
			path = Api;
			sourceTree = "<group>";
		};
		CEA56AE428EBA9490087E1A3 /* Extension */ = {
			isa = PBXGroup;
			children = (
				CEA56AE528EBA98F0087E1A3 /* UIColor.swift */,
				CE67A60928ED918700972082 /* UIImage.swift */,
				CE792B1F28EFD671005D1068 /* UITextField.swift */,
				CE6533E928F3CBE50091DB04 /* Others.swift */,
			);
			path = Extension;
			sourceTree = "<group>";
		};
		CEA56AEB28EBDCF40087E1A3 /* Cell */ = {
			isa = PBXGroup;
			children = (
				CEA56AE828EBDCE70087E1A3 /* PokeListCell.xib */,
				CEA56AE728EBDCE70087E1A3 /* PokeListCell.swift */,
				CE67683328F006FA00D197BD /* CardNoDataCell.swift */,
				CE67683428F006FA00D197BD /* CardNoDataCell.xib */,
			);
			path = Cell;
			sourceTree = "<group>";
		};
/* End PBXGroup section */

/* Begin PBXNativeTarget section */
		CEA56AC228EAE7530087E1A3 /* PokemonList */ = {
			isa = PBXNativeTarget;
			buildConfigurationList = CEA56AD728EAE7560087E1A3 /* Build configuration list for PBXNativeTarget "PokemonList" */;
			buildPhases = (
				19CB35B587E96AC16BF10719 /* [CP] Check Pods Manifest.lock */,
				CEA56ABF28EAE7530087E1A3 /* Sources */,
				CEA56AC028EAE7530087E1A3 /* Frameworks */,
				CEA56AC128EAE7530087E1A3 /* Resources */,
				729AC14406AC32C500C65830 /* [CP] Embed Pods Frameworks */,
			);
			buildRules = (
			);
			dependencies = (
			);
			name = PokemonList;
			productName = PokemonList;
			productReference = CEA56AC328EAE7530087E1A3 /* PokemonList.app */;
			productType = "com.apple.product-type.application";
		};
/* End PBXNativeTarget section */

/* Begin PBXProject section */
		CEA56ABB28EAE7530087E1A3 /* Project object */ = {
			isa = PBXProject;
			attributes = {
				BuildIndependentTargetsInParallel = 1;
				LastSwiftUpdateCheck = 1310;
				LastUpgradeCheck = 1310;
				TargetAttributes = {
					CEA56AC228EAE7530087E1A3 = {
						CreatedOnToolsVersion = 13.1;
					};
				};
			};
			buildConfigurationList = CEA56ABE28EAE7530087E1A3 /* Build configuration list for PBXProject "PokemonList" */;
			compatibilityVersion = "Xcode 13.0";
			developmentRegion = en;
			hasScannedForEncodings = 0;
			knownRegions = (
				en,
				Base,
			);
			mainGroup = CEA56ABA28EAE7530087E1A3;
			productRefGroup = CEA56AC428EAE7530087E1A3 /* Products */;
			projectDirPath = "";
			projectRoot = "";
			targets = (
				CEA56AC228EAE7530087E1A3 /* PokemonList */,
			);
		};
/* End PBXProject section */

/* Begin PBXResourcesBuildPhase section */
		CEA56AC128EAE7530087E1A3 /* Resources */ = {
			isa = PBXResourcesBuildPhase;
			buildActionMask = 2147483647;
			files = (
				CEA56AEA28EBDCE70087E1A3 /* PokeListCell.xib in Resources */,
				CE67683628F006FA00D197BD /* CardNoDataCell.xib in Resources */,
				CEA56AD328EAE7560087E1A3 /* LaunchScreen.storyboard in Resources */,
				CEA56AD028EAE7560087E1A3 /* Assets.xcassets in Resources */,
				CEA56ACE28EAE7530087E1A3 /* Main.storyboard in Resources */,
			);
			runOnlyForDeploymentPostprocessing = 0;
		};
/* End PBXResourcesBuildPhase section */

/* Begin PBXShellScriptBuildPhase section */
		19CB35B587E96AC16BF10719 /* [CP] Check Pods Manifest.lock */ = {
			isa = PBXShellScriptBuildPhase;
			buildActionMask = 2147483647;
			files = (
			);
			inputFileListPaths = (
			);
			inputPaths = (
				"${PODS_PODFILE_DIR_PATH}/Podfile.lock",
				"${PODS_ROOT}/Manifest.lock",
			);
			name = "[CP] Check Pods Manifest.lock";
			outputFileListPaths = (
			);
			outputPaths = (
				"$(DERIVED_FILE_DIR)/Pods-PokemonList-checkManifestLockResult.txt",
			);
			runOnlyForDeploymentPostprocessing = 0;
			shellPath = /bin/sh;
			shellScript = "diff \"${PODS_PODFILE_DIR_PATH}/Podfile.lock\" \"${PODS_ROOT}/Manifest.lock\" > /dev/null\nif [ $? != 0 ] ; then\n    # print error to STDERR\n    echo \"error: The sandbox is not in sync with the Podfile.lock. Run 'pod install' or update your CocoaPods installation.\" >&2\n    exit 1\nfi\n# This output is used by Xcode 'outputs' to avoid re-running this script phase.\necho \"SUCCESS\" > \"${SCRIPT_OUTPUT_FILE_0}\"\n";
			showEnvVarsInLog = 0;
		};
		729AC14406AC32C500C65830 /* [CP] Embed Pods Frameworks */ = {
			isa = PBXShellScriptBuildPhase;
			buildActionMask = 2147483647;
			files = (
			);
			inputFileListPaths = (
				"${PODS_ROOT}/Target Support Files/Pods-PokemonList/Pods-PokemonList-frameworks-${CONFIGURATION}-input-files.xcfilelist",
			);
			name = "[CP] Embed Pods Frameworks";
			outputFileListPaths = (
				"${PODS_ROOT}/Target Support Files/Pods-PokemonList/Pods-PokemonList-frameworks-${CONFIGURATION}-output-files.xcfilelist",
			);
			runOnlyForDeploymentPostprocessing = 0;
			shellPath = /bin/sh;
			shellScript = "\"${PODS_ROOT}/Target Support Files/Pods-PokemonList/Pods-PokemonList-frameworks.sh\"\n";
			showEnvVarsInLog = 0;
		};
/* End PBXShellScriptBuildPhase section */

/* Begin PBXSourcesBuildPhase section */
		CEA56ABF28EAE7530087E1A3 /* Sources */ = {
			isa = PBXSourcesBuildPhase;
			buildActionMask = 2147483647;
			files = (
				CEA56ADF28EB14850087E1A3 /* PokemonSelected.swift in Sources */,
				CEA56AF728ED01220087E1A3 /* DetailPokemonVC.swift in Sources */,
				CEA56AE628EBA98F0087E1A3 /* UIColor.swift in Sources */,
				CEA56ACB28EAE7530087E1A3 /* MainViewController.swift in Sources */,
				CE6533EA28F3CBE50091DB04 /* Others.swift in Sources */,
				CE67683828F02E4100D197BD /* MyPokemonVC.swift in Sources */,
				CEA56ADD28EAF36B0087E1A3 /* Pokemon.swift in Sources */,
				CEA56AE928EBDCE70087E1A3 /* PokeListCell.swift in Sources */,
				CEA56AED28EC362D0087E1A3 /* Services.swift in Sources */,
				CE67683528F006FA00D197BD /* CardNoDataCell.swift in Sources */,
				CEA56AC728EAE7530087E1A3 /* AppDelegate.swift in Sources */,
				CEA56AC928EAE7530087E1A3 /* SceneDelegate.swift in Sources */,
				CE792B2028EFD671005D1068 /* UITextField.swift in Sources */,
				CEA56AEF28EC36F50087E1A3 /* Constants.swift in Sources */,
				CEA56AF128EC691C0087E1A3 /* PokemonListData.swift in Sources */,
				CE67A60A28ED918700972082 /* UIImage.swift in Sources */,
				CEA56AF528ECF59B0087E1A3 /* FavoriteListVC.swift in Sources */,
			);
			runOnlyForDeploymentPostprocessing = 0;
		};
/* End PBXSourcesBuildPhase section */

/* Begin PBXVariantGroup section */
		CEA56ACC28EAE7530087E1A3 /* Main.storyboard */ = {
			isa = PBXVariantGroup;
			children = (
				CEA56ACD28EAE7530087E1A3 /* Base */,
			);
			name = Main.storyboard;
			sourceTree = "<group>";
		};
		CEA56AD128EAE7560087E1A3 /* LaunchScreen.storyboard */ = {
			isa = PBXVariantGroup;
			children = (
				CEA56AD228EAE7560087E1A3 /* Base */,
			);
			name = LaunchScreen.storyboard;
			sourceTree = "<group>";
		};
/* End PBXVariantGroup section */

/* Begin XCBuildConfiguration section */
		CEA56AD528EAE7560087E1A3 /* Debug */ = {
			isa = XCBuildConfiguration;
			buildSettings = {
				ALWAYS_SEARCH_USER_PATHS = NO;
				CLANG_ANALYZER_NONNULL = YES;
				CLANG_ANALYZER_NUMBER_OBJECT_CONVERSION = YES_AGGRESSIVE;
				CLANG_CXX_LANGUAGE_STANDARD = "gnu++17";
				CLANG_CXX_LIBRARY = "libc++";
				CLANG_ENABLE_MODULES = YES;
				CLANG_ENABLE_OBJC_ARC = YES;
				CLANG_ENABLE_OBJC_WEAK = YES;
				CLANG_WARN_BLOCK_CAPTURE_AUTORELEASING = YES;
				CLANG_WARN_BOOL_CONVERSION = YES;
				CLANG_WARN_COMMA = YES;
				CLANG_WARN_CONSTANT_CONVERSION = YES;
				CLANG_WARN_DEPRECATED_OBJC_IMPLEMENTATIONS = YES;
				CLANG_WARN_DIRECT_OBJC_ISA_USAGE = YES_ERROR;
				CLANG_WARN_DOCUMENTATION_COMMENTS = YES;
				CLANG_WARN_EMPTY_BODY = YES;
				CLANG_WARN_ENUM_CONVERSION = YES;
				CLANG_WARN_INFINITE_RECURSION = YES;
				CLANG_WARN_INT_CONVERSION = YES;
				CLANG_WARN_NON_LITERAL_NULL_CONVERSION = YES;
				CLANG_WARN_OBJC_IMPLICIT_RETAIN_SELF = YES;
				CLANG_WARN_OBJC_LITERAL_CONVERSION = YES;
				CLANG_WARN_OBJC_ROOT_CLASS = YES_ERROR;
				CLANG_WARN_QUOTED_INCLUDE_IN_FRAMEWORK_HEADER = YES;
				CLANG_WARN_RANGE_LOOP_ANALYSIS = YES;
				CLANG_WARN_STRICT_PROTOTYPES = YES;
				CLANG_WARN_SUSPICIOUS_MOVE = YES;
				CLANG_WARN_UNGUARDED_AVAILABILITY = YES_AGGRESSIVE;
				CLANG_WARN_UNREACHABLE_CODE = YES;
				CLANG_WARN__DUPLICATE_METHOD_MATCH = YES;
				COPY_PHASE_STRIP = NO;
				DEBUG_INFORMATION_FORMAT = dwarf;
				ENABLE_STRICT_OBJC_MSGSEND = YES;
				ENABLE_TESTABILITY = YES;
				GCC_C_LANGUAGE_STANDARD = gnu11;
				GCC_DYNAMIC_NO_PIC = NO;
				GCC_NO_COMMON_BLOCKS = YES;
				GCC_OPTIMIZATION_LEVEL = 0;
				GCC_PREPROCESSOR_DEFINITIONS = (
					"DEBUG=1",
					"$(inherited)",
				);
				GCC_WARN_64_TO_32_BIT_CONVERSION = YES;
				GCC_WARN_ABOUT_RETURN_TYPE = YES_ERROR;
				GCC_WARN_UNDECLARED_SELECTOR = YES;
				GCC_WARN_UNINITIALIZED_AUTOS = YES_AGGRESSIVE;
				GCC_WARN_UNUSED_FUNCTION = YES;
				GCC_WARN_UNUSED_VARIABLE = YES;
				IPHONEOS_DEPLOYMENT_TARGET = 15.0;
				MTL_ENABLE_DEBUG_INFO = INCLUDE_SOURCE;
				MTL_FAST_MATH = YES;
				ONLY_ACTIVE_ARCH = YES;
				SDKROOT = iphoneos;
				SWIFT_ACTIVE_COMPILATION_CONDITIONS = DEBUG;
				SWIFT_OPTIMIZATION_LEVEL = "-Onone";
			};
			name = Debug;
		};
		CEA56AD628EAE7560087E1A3 /* Release */ = {
			isa = XCBuildConfiguration;
			buildSettings = {
				ALWAYS_SEARCH_USER_PATHS = NO;
				CLANG_ANALYZER_NONNULL = YES;
				CLANG_ANALYZER_NUMBER_OBJECT_CONVERSION = YES_AGGRESSIVE;
				CLANG_CXX_LANGUAGE_STANDARD = "gnu++17";
				CLANG_CXX_LIBRARY = "libc++";
				CLANG_ENABLE_MODULES = YES;
				CLANG_ENABLE_OBJC_ARC = YES;
				CLANG_ENABLE_OBJC_WEAK = YES;
				CLANG_WARN_BLOCK_CAPTURE_AUTORELEASING = YES;
				CLANG_WARN_BOOL_CONVERSION = YES;
				CLANG_WARN_COMMA = YES;
				CLANG_WARN_CONSTANT_CONVERSION = YES;
				CLANG_WARN_DEPRECATED_OBJC_IMPLEMENTATIONS = YES;
				CLANG_WARN_DIRECT_OBJC_ISA_USAGE = YES_ERROR;
				CLANG_WARN_DOCUMENTATION_COMMENTS = YES;
				CLANG_WARN_EMPTY_BODY = YES;
				CLANG_WARN_ENUM_CONVERSION = YES;
				CLANG_WARN_INFINITE_RECURSION = YES;
				CLANG_WARN_INT_CONVERSION = YES;
				CLANG_WARN_NON_LITERAL_NULL_CONVERSION = YES;
				CLANG_WARN_OBJC_IMPLICIT_RETAIN_SELF = YES;
				CLANG_WARN_OBJC_LITERAL_CONVERSION = YES;
				CLANG_WARN_OBJC_ROOT_CLASS = YES_ERROR;
				CLANG_WARN_QUOTED_INCLUDE_IN_FRAMEWORK_HEADER = YES;
				CLANG_WARN_RANGE_LOOP_ANALYSIS = YES;
				CLANG_WARN_STRICT_PROTOTYPES = YES;
				CLANG_WARN_SUSPICIOUS_MOVE = YES;
				CLANG_WARN_UNGUARDED_AVAILABILITY = YES_AGGRESSIVE;
				CLANG_WARN_UNREACHABLE_CODE = YES;
				CLANG_WARN__DUPLICATE_METHOD_MATCH = YES;
				COPY_PHASE_STRIP = NO;
				DEBUG_INFORMATION_FORMAT = "dwarf-with-dsym";
				ENABLE_NS_ASSERTIONS = NO;
				ENABLE_STRICT_OBJC_MSGSEND = YES;
				GCC_C_LANGUAGE_STANDARD = gnu11;
				GCC_NO_COMMON_BLOCKS = YES;
				GCC_WARN_64_TO_32_BIT_CONVERSION = YES;
				GCC_WARN_ABOUT_RETURN_TYPE = YES_ERROR;
				GCC_WARN_UNDECLARED_SELECTOR = YES;
				GCC_WARN_UNINITIALIZED_AUTOS = YES_AGGRESSIVE;
				GCC_WARN_UNUSED_FUNCTION = YES;
				GCC_WARN_UNUSED_VARIABLE = YES;
				IPHONEOS_DEPLOYMENT_TARGET = 15.0;
				MTL_ENABLE_DEBUG_INFO = NO;
				MTL_FAST_MATH = YES;
				SDKROOT = iphoneos;
				SWIFT_COMPILATION_MODE = wholemodule;
				SWIFT_OPTIMIZATION_LEVEL = "-O";
				VALIDATE_PRODUCT = YES;
			};
			name = Release;
		};
		CEA56AD828EAE7560087E1A3 /* Debug */ = {
			isa = XCBuildConfiguration;
			baseConfigurationReference = A898DD14B4457A43524D883F /* Pods-PokemonList.debug.xcconfig */;
			buildSettings = {
				ASSETCATALOG_COMPILER_APPICON_NAME = AppIcon;
				ASSETCATALOG_COMPILER_GLOBAL_ACCENT_COLOR_NAME = AccentColor;
				CODE_SIGN_STYLE = Automatic;
				CURRENT_PROJECT_VERSION = 1;
				DEVELOPMENT_TEAM = C35S5KM39W;
				GENERATE_INFOPLIST_FILE = YES;
				INFOPLIST_FILE = PokemonList/Info.plist;
				INFOPLIST_KEY_UIApplicationSupportsIndirectInputEvents = YES;
				INFOPLIST_KEY_UILaunchStoryboardName = LaunchScreen;
				INFOPLIST_KEY_UIMainStoryboardFile = Main;
				INFOPLIST_KEY_UISupportedInterfaceOrientations = UIInterfaceOrientationPortrait;
				INFOPLIST_KEY_UISupportedInterfaceOrientations_iPad = "UIInterfaceOrientationPortrait UIInterfaceOrientationPortraitUpsideDown UIInterfaceOrientationLandscapeLeft UIInterfaceOrientationLandscapeRight";
				INFOPLIST_KEY_UISupportedInterfaceOrientations_iPhone = "UIInterfaceOrientationPortrait UIInterfaceOrientationLandscapeLeft UIInterfaceOrientationLandscapeRight";
				LD_RUNPATH_SEARCH_PATHS = (
					"$(inherited)",
					"@executable_path/Frameworks",
				);
				MARKETING_VERSION = 1.0;
				PRODUCT_BUNDLE_IDENTIFIER = com.mricoism.PokemonList;
				PRODUCT_NAME = "$(TARGET_NAME)";
				SWIFT_EMIT_LOC_STRINGS = YES;
				SWIFT_VERSION = 5.0;
				TARGETED_DEVICE_FAMILY = "1,2";
			};
			name = Debug;
		};
		CEA56AD928EAE7560087E1A3 /* Release */ = {
			isa = XCBuildConfiguration;
			baseConfigurationReference = 2ECAA06577ADF62A43A18E5F /* Pods-PokemonList.release.xcconfig */;
			buildSettings = {
				ASSETCATALOG_COMPILER_APPICON_NAME = AppIcon;
				ASSETCATALOG_COMPILER_GLOBAL_ACCENT_COLOR_NAME = AccentColor;
				CODE_SIGN_STYLE = Automatic;
				CURRENT_PROJECT_VERSION = 1;
				DEVELOPMENT_TEAM = C35S5KM39W;
				GENERATE_INFOPLIST_FILE = YES;
				INFOPLIST_FILE = PokemonList/Info.plist;
				INFOPLIST_KEY_UIApplicationSupportsIndirectInputEvents = YES;
				INFOPLIST_KEY_UILaunchStoryboardName = LaunchScreen;
				INFOPLIST_KEY_UIMainStoryboardFile = Main;
				INFOPLIST_KEY_UISupportedInterfaceOrientations = UIInterfaceOrientationPortrait;
				INFOPLIST_KEY_UISupportedInterfaceOrientations_iPad = "UIInterfaceOrientationPortrait UIInterfaceOrientationPortraitUpsideDown UIInterfaceOrientationLandscapeLeft UIInterfaceOrientationLandscapeRight";
				INFOPLIST_KEY_UISupportedInterfaceOrientations_iPhone = "UIInterfaceOrientationPortrait UIInterfaceOrientationLandscapeLeft UIInterfaceOrientationLandscapeRight";
				LD_RUNPATH_SEARCH_PATHS = (
					"$(inherited)",
					"@executable_path/Frameworks",
				);
				MARKETING_VERSION = 1.0;
				PRODUCT_BUNDLE_IDENTIFIER = com.mricoism.PokemonList;
				PRODUCT_NAME = "$(TARGET_NAME)";
				SWIFT_EMIT_LOC_STRINGS = YES;
				SWIFT_VERSION = 5.0;
				TARGETED_DEVICE_FAMILY = "1,2";
			};
			name = Release;
		};
/* End XCBuildConfiguration section */

/* Begin XCConfigurationList section */
		CEA56ABE28EAE7530087E1A3 /* Build configuration list for PBXProject "PokemonList" */ = {
			isa = XCConfigurationList;
			buildConfigurations = (
				CEA56AD528EAE7560087E1A3 /* Debug */,
				CEA56AD628EAE7560087E1A3 /* Release */,
			);
			defaultConfigurationIsVisible = 0;
			defaultConfigurationName = Release;
		};
		CEA56AD728EAE7560087E1A3 /* Build configuration list for PBXNativeTarget "PokemonList" */ = {
			isa = XCConfigurationList;
			buildConfigurations = (
				CEA56AD828EAE7560087E1A3 /* Debug */,
				CEA56AD928EAE7560087E1A3 /* Release */,
			);
			defaultConfigurationIsVisible = 0;
			defaultConfigurationName = Release;
		};
/* End XCConfigurationList section */
	};
	rootObject = CEA56ABB28EAE7530087E1A3 /* Project object */;
}
